PODS:
  - GestureRecognizerClosures (5.0.0)
  - MBProgressHUD (1.2.0)
  - PullToRefresher (3.3)
  - QRCodeReader.swift (10.1.0)
  - Realm (20.0.4):
    - Realm/Headers (= 20.0.4)
  - Realm/Headers (20.0.4)
  - RealmSwift (20.0.4):
    - Realm (= 20.0.4)
  - RevenueCat (5.83.0)
  - SwiftyJSON (5.0.2)

DEPENDENCIES:
  - GestureRecognizerClosures
  - MBProgressHUD
  - PullToRefresher
  - QRCodeReader.swift
  - RealmSwift
  - RevenueCat
  - SwiftyJSON

SPEC REPOS:
  trunk:
    - GestureRecognizerClosures
    - MBProgressHUD
    - PullToRefresher
    - QRCodeReader.swift
    - Realm
    - RealmSwift
    - RevenueCat
    - SwiftyJSON

SPEC CHECKSUMS:
  GestureRecognizerClosures: 0dcafb45e669e7a775c840383e54b3d16983037b
  MBProgressHUD: 3ee5efcc380f6a79a7cc9b363dd669c5e1ae7406
  PullToRefresher: 6fc2ab6494caf949bcf6f0223ffd23f9d21a06f6
  QRCodeReader.swift: 373a389fe9a22d513c879a32a6f647c58f4ef572
  Realm: 1fca83c42ac1d5c7767974882c8de5a7abca4d89
  RealmSwift: 84f36320f6133dea78d05c55bb46bba4387d6828
  RevenueCat: a83de0391a1061302699cb55eb1ff0662f5768b5
  SwiftyJSON: f5b1bf1cd8dd53cd25887ac0eabcfd92301c6a5a

PODFILE CHECKSUM: ec2adcd9db32b037ba7aac922b4101eec3b6e951

COCOAPODS: 1.16.2
